
Microsoft Visual Studio Solution File, Format Version 12.00
# Visual Studio Version 17
VisualStudioVersion = 17.0.32126.317
MinimumVisualStudioVersion = 10.0.40219.1
Project("{8BC9CEB8-8B4A-11D0-8D11-00A0C91BC942}") = "001.4 - Triangle Cutter", "SFML\SFML.vcxproj", "{F1DB040D-9E3E-4BEA-91E3-9AB1A3639467}"
EndProject
Project("{8BC9CEB8-8B4A-11D0-8D11-00A0C91BC942}") = "001.1 – Plane vs Point Function", "001.1 – Plane vs Point Function\001.1 – Plane vs Point Function.vcxproj", "{648A3EB0-ACB5-448C-A6C3-8336E2AFBC99}"
EndProject
Project("{8BC9CEB8-8B4A-11D0-8D11-00A0C91BC942}") = "001.2 – Line Segment vs Plane Function", "001.2 – Line Segment vs Plane Function\001.2 – Line Segment vs Plane Function.vcxproj", "{69E32FB8-2426-4D8A-ACBA-26F54B608220}"
EndProject
Project("{8BC9CEB8-8B4A-11D0-8D11-00A0C91BC942}") = "001.3 – Triangle vs Plane Function", "001.3 – Triangle vs Plane Function\001.3 – Triangle vs Plane Function.vcxproj", "{F8BA0A32-FB4C-48A7-9D68-05B4DF9D661E}"
EndProject
Project("{8BC9CEB8-8B4A-11D0-8D11-00A0C91BC942}") = "002.1 - 002.3", "002.1 - 002.3\002.1 - 002.3.vcxproj", "{0F7AEC22-C132-4F3E-B163-6C01EB26029C}"
EndProject
Global
	GlobalSection(SolutionConfigurationPlatforms) = preSolution
		Debug|x64 = Debug|x64
		Debug|x86 = Debug|x86
		Release|x64 = Release|x64
		Release|x86 = Release|x86
	EndGlobalSection
	GlobalSection(ProjectConfigurationPlatforms) = postSolution
		{F1DB040D-9E3E-4BEA-91E3-9AB1A3639467}.Debug|x64.ActiveCfg = Debug|x64
		{F1DB040D-9E3E-4BEA-91E3-9AB1A3639467}.Debug|x64.Build.0 = Debug|x64
		{F1DB040D-9E3E-4BEA-91E3-9AB1A3639467}.Debug|x86.ActiveCfg = Debug|Win32
		{F1DB040D-9E3E-4BEA-91E3-9AB1A3639467}.Debug|x86.Build.0 = Debug|Win32
		{F1DB040D-9E3E-4BEA-91E3-9AB1A3639467}.Release|x64.ActiveCfg = Release|x64
		{F1DB040D-9E3E-4BEA-91E3-9AB1A3639467}.Release|x64.Build.0 = Release|x64
		{F1DB040D-9E3E-4BEA-91E3-9AB1A3639467}.Release|x86.ActiveCfg = Release|Win32
		{F1DB040D-9E3E-4BEA-91E3-9AB1A3639467}.Release|x86.Build.0 = Release|Win32
		{648A3EB0-ACB5-448C-A6C3-8336E2AFBC99}.Debug|x64.ActiveCfg = Debug|x64
		{648A3EB0-ACB5-448C-A6C3-8336E2AFBC99}.Debug|x64.Build.0 = Debug|x64
		{648A3EB0-ACB5-448C-A6C3-8336E2AFBC99}.Debug|x86.ActiveCfg = Debug|Win32
		{648A3EB0-ACB5-448C-A6C3-8336E2AFBC99}.Debug|x86.Build.0 = Debug|Win32
		{648A3EB0-ACB5-448C-A6C3-8336E2AFBC99}.Release|x64.ActiveCfg = Release|x64
		{648A3EB0-ACB5-448C-A6C3-8336E2AFBC99}.Release|x64.Build.0 = Release|x64
		{648A3EB0-ACB5-448C-A6C3-8336E2AFBC99}.Release|x86.ActiveCfg = Release|Win32
		{648A3EB0-ACB5-448C-A6C3-8336E2AFBC99}.Release|x86.Build.0 = Release|Win32
		{69E32FB8-2426-4D8A-ACBA-26F54B608220}.Debug|x64.ActiveCfg = Debug|x64
		{69E32FB8-2426-4D8A-ACBA-26F54B608220}.Debug|x64.Build.0 = Debug|x64
		{69E32FB8-2426-4D8A-ACBA-26F54B608220}.Debug|x86.ActiveCfg = Debug|Win32
		{69E32FB8-2426-4D8A-ACBA-26F54B608220}.Debug|x86.Build.0 = Debug|Win32
		{69E32FB8-2426-4D8A-ACBA-26F54B608220}.Release|x64.ActiveCfg = Release|x64
		{69E32FB8-2426-4D8A-ACBA-26F54B608220}.Release|x64.Build.0 = Release|x64
		{69E32FB8-2426-4D8A-ACBA-26F54B608220}.Release|x86.ActiveCfg = Release|Win32
		{69E32FB8-2426-4D8A-ACBA-26F54B608220}.Release|x86.Build.0 = Release|Win32
		{F8BA0A32-FB4C-48A7-9D68-05B4DF9D661E}.Debug|x64.ActiveCfg = Debug|x64
		{F8BA0A32-FB4C-48A7-9D68-05B4DF9D661E}.Debug|x64.Build.0 = Debug|x64
		{F8BA0A32-FB4C-48A7-9D68-05B4DF9D661E}.Debug|x86.ActiveCfg = Debug|Win32
		{F8BA0A32-FB4C-48A7-9D68-05B4DF9D661E}.Debug|x86.Build.0 = Debug|Win32
		{F8BA0A32-FB4C-48A7-9D68-05B4DF9D661E}.Release|x64.ActiveCfg = Release|x64
		{F8BA0A32-FB4C-48A7-9D68-05B4DF9D661E}.Release|x64.Build.0 = Release|x64
		{F8BA0A32-FB4C-48A7-9D68-05B4DF9D661E}.Release|x86.ActiveCfg = Release|Win32
		{F8BA0A32-FB4C-48A7-9D68-05B4DF9D661E}.Release|x86.Build.0 = Release|Win32
		{0F7AEC22-C132-4F3E-B163-6C01EB26029C}.Debug|x64.ActiveCfg = Debug|x64
		{0F7AEC22-C132-4F3E-B163-6C01EB26029C}.Debug|x64.Build.0 = Debug|x64
		{0F7AEC22-C132-4F3E-B163-6C01EB26029C}.Debug|x86.ActiveCfg = Debug|Win32
		{0F7AEC22-C132-4F3E-B163-6C01EB26029C}.Debug|x86.Build.0 = Debug|Win32
		{0F7AEC22-C132-4F3E-B163-6C01EB26029C}.Release|x64.ActiveCfg = Release|x64
		{0F7AEC22-C132-4F3E-B163-6C01EB26029C}.Release|x64.Build.0 = Release|x64
		{0F7AEC22-C132-4F3E-B163-6C01EB26029C}.Release|x86.ActiveCfg = Release|Win32
		{0F7AEC22-C132-4F3E-B163-6C01EB26029C}.Release|x86.Build.0 = Release|Win32
	EndGlobalSection
	GlobalSection(SolutionProperties) = preSolution
		HideSolutionNode = FALSE
	EndGlobalSection
	GlobalSection(ExtensibilityGlobals) = postSolution
		SolutionGuid = {66338698-7399-402D-90AE-BC40175F5F37}
	EndGlobalSection
EndGlobal
